
Microsoft Visual Studio Solution File, Format Version 12.00
# Visual Studio Version 17
VisualStudioVersion = 17.9.34728.123
MinimumVisualStudioVersion = 10.0.40219.1
Project("{FAE04EC0-301F-11D3-BF4B-00C04F79EFBC}") = "RedisAPI", "RedisAPI.csproj", "{A0089B94-0144-4FB0-8F50-2E8D8BB2D828}"
EndProject
Global
	GlobalSection(SolutionConfigurationPlatforms) = preSolution
		Debug|Any CPU = Debug|Any CPU
		Release|Any CPU = Release|Any CPU
	EndGlobalSection
	GlobalSection(ProjectConfigurationPlatforms) = postSolution
		{A0089B94-0144-4FB0-8F50-2E8D8BB2D828}.Debug|Any CPU.ActiveCfg = Debug|Any CPU
		{A0089B94-0144-4FB0-8F50-2E8D8BB2D828}.Debug|Any CPU.Build.0 = Debug|Any CPU
		{A0089B94-0144-4FB0-8F50-2E8D8BB2D828}.Release|Any CPU.ActiveCfg = Release|Any CPU
		{A0089B94-0144-4FB0-8F50-2E8D8BB2D828}.Release|Any CPU.Build.0 = Release|Any CPU
	EndGlobalSection
	GlobalSection(SolutionProperties) = preSolution
		HideSolutionNode = FALSE
	EndGlobalSection
	GlobalSection(ExtensibilityGlobals) = postSolution
		SolutionGuid = {237C5DB1-1A9D-4480-B228-256EBC5C6701}
	EndGlobalSection
EndGlobal
